
Microsoft Visual Studio Solution File, Format Version 12.00
# Visual Studio Version 17
VisualStudioVersion = 17.14.36518.9 d17.14
MinimumVisualStudioVersion = 10.0.40219.1
Project("{FAE04EC0-301F-11D3-BF4B-00C04F79EFBC}") = "23011556-046", "23011556-046\23011556-046.csproj", "{4824CF74-9BD1-4232-BB36-17A34B37E927}"
EndProject
Global
	GlobalSection(SolutionConfigurationPlatforms) = preSolution
		Debug|Any CPU = Debug|Any CPU
		Release|Any CPU = Release|Any CPU
	EndGlobalSection
	GlobalSection(ProjectConfigurationPlatforms) = postSolution
		{4824CF74-9BD1-4232-BB36-17A34B37E927}.Debug|Any CPU.ActiveCfg = Debug|Any CPU
		{4824CF74-9BD1-4232-BB36-17A34B37E927}.Debug|Any CPU.Build.0 = Debug|Any CPU
		{4824CF74-9BD1-4232-BB36-17A34B37E927}.Release|Any CPU.ActiveCfg = Release|Any CPU
		{4824CF74-9BD1-4232-BB36-17A34B37E927}.Release|Any CPU.Build.0 = Release|Any CPU
	EndGlobalSection
	GlobalSection(SolutionProperties) = preSolution
		HideSolutionNode = FALSE
	EndGlobalSection
	GlobalSection(ExtensibilityGlobals) = postSolution
		SolutionGuid = {89E91C49-EAAB-4B47-8415-B4E74373560D}
	EndGlobalSection
EndGlobal
